{
  "nodes": {
    "nixpkgs": {
      "locked": {
        "lastModified": 1702998770,
        "narHash": "sha256-vTkCh03PuhW6dcWS0PkTjh79f8g6NBbwX2kf4/UV58w=",
        "owner": "NixOS",
        "repo": "nixpkgs",
        "rev": "63dd8e1d2e81aaecb7de9b70ca143a607b19a3b9",
        "type": "github"
      },
      "original": {
        "owner": "NixOS",
        "repo": "nixpkgs",
        "type": "github"
      }
    },
    "root": {
      "inputs": {
        "nixpkgs": "nixpkgs"
      }
    }
  },
  "root": "root",
  "version": 7
}
